
Microsoft Visual Studio Solution File, Format Version 12.00
# Visual Studio Version 17
VisualStudioVersion = 17.9.34407.89
MinimumVisualStudioVersion = 10.0.40219.1
Project("{9A19103F-16F7-4668-BE54-9A1E7A4F7556}") = "Domain", "Domain\Domain.csproj", "{0883AE49-093C-44E4-8276-EBDAE1F7F310}"
EndProject
Project("{2150E333-8FDC-42A3-9474-1A3956D46DE8}") = "Admin", "Admin", "{318B9F59-0960-4A22-AEE3-D534A07C9C61}"
EndProject
Project("{2150E333-8FDC-42A3-9474-1A3956D46DE8}") = "ERP.Domain.Core", "ERP.Domain.Core", "{ED36E718-719E-4EA6-BFBA-E10387E66883}"
EndProject
Project("{2150E333-8FDC-42A3-9474-1A3956D46DE8}") = "ERP.Application", "ERP.Application", "{77C3E67F-71F3-4F78-A93E-AE8A66237934}"
EndProject
Project("{2150E333-8FDC-42A3-9474-1A3956D46DE8}") = "ERP.Infastructure", "ERP.Infastructure", "{32B171DB-7BA7-47DF-A3D4-2FA21D78DB57}"
EndProject
Project("{2150E333-8FDC-42A3-9474-1A3956D46DE8}") = "ERP.UI", "ERP.UI", "{BB7E8018-8822-49EE-BF63-F02309E26F52}"
EndProject
Project("{9A19103F-16F7-4668-BE54-9A1E7A4F7556}") = "Application", "Application\Application.csproj", "{6C3F2C96-BEF3-4173-A8FC-533D9FAB4604}"
EndProject
Project("{9A19103F-16F7-4668-BE54-9A1E7A4F7556}") = "UI", "UI\UI.csproj", "{8C9FD34C-0610-427A-A69C-23D361927209}"
EndProject
Project("{9A19103F-16F7-4668-BE54-9A1E7A4F7556}") = "ERP.Admin.Pgsql", "ERP.Admin.Pgsql\ERP.Admin.Pgsql.csproj", "{0CC2CA5C-9C27-4E16-BC0E-6C7CCEDC4ED1}"
EndProject
Project("{9A19103F-16F7-4668-BE54-9A1E7A4F7556}") = "AuthenticateUsers", "AuthenticateUsers\AuthenticateUsers.csproj", "{8DA65581-9604-4C5C-A4B1-1F9FEC77DB74}"
EndProject
Project("{9A19103F-16F7-4668-BE54-9A1E7A4F7556}") = "ERP.Admin.Infastructure.Email", "ERP.Admin.Infastructure.Email\ERP.Admin.Infastructure.Email.csproj", "{ADF6662B-578A-4FFF-9D43-1D63F5F46638}"
EndProject
Global
	GlobalSection(SolutionConfigurationPlatforms) = preSolution
		Debug|Any CPU = Debug|Any CPU
		Release|Any CPU = Release|Any CPU
	EndGlobalSection
	GlobalSection(ProjectConfigurationPlatforms) = postSolution
		{0883AE49-093C-44E4-8276-EBDAE1F7F310}.Debug|Any CPU.ActiveCfg = Debug|Any CPU
		{0883AE49-093C-44E4-8276-EBDAE1F7F310}.Debug|Any CPU.Build.0 = Debug|Any CPU
		{0883AE49-093C-44E4-8276-EBDAE1F7F310}.Release|Any CPU.ActiveCfg = Release|Any CPU
		{0883AE49-093C-44E4-8276-EBDAE1F7F310}.Release|Any CPU.Build.0 = Release|Any CPU
		{6C3F2C96-BEF3-4173-A8FC-533D9FAB4604}.Debug|Any CPU.ActiveCfg = Debug|Any CPU
		{6C3F2C96-BEF3-4173-A8FC-533D9FAB4604}.Debug|Any CPU.Build.0 = Debug|Any CPU
		{6C3F2C96-BEF3-4173-A8FC-533D9FAB4604}.Release|Any CPU.ActiveCfg = Release|Any CPU
		{6C3F2C96-BEF3-4173-A8FC-533D9FAB4604}.Release|Any CPU.Build.0 = Release|Any CPU
		{8C9FD34C-0610-427A-A69C-23D361927209}.Debug|Any CPU.ActiveCfg = Debug|Any CPU
		{8C9FD34C-0610-427A-A69C-23D361927209}.Debug|Any CPU.Build.0 = Debug|Any CPU
		{8C9FD34C-0610-427A-A69C-23D361927209}.Release|Any CPU.ActiveCfg = Release|Any CPU
		{8C9FD34C-0610-427A-A69C-23D361927209}.Release|Any CPU.Build.0 = Release|Any CPU
		{0CC2CA5C-9C27-4E16-BC0E-6C7CCEDC4ED1}.Debug|Any CPU.ActiveCfg = Debug|Any CPU
		{0CC2CA5C-9C27-4E16-BC0E-6C7CCEDC4ED1}.Debug|Any CPU.Build.0 = Debug|Any CPU
		{0CC2CA5C-9C27-4E16-BC0E-6C7CCEDC4ED1}.Release|Any CPU.ActiveCfg = Release|Any CPU
		{0CC2CA5C-9C27-4E16-BC0E-6C7CCEDC4ED1}.Release|Any CPU.Build.0 = Release|Any CPU
		{8DA65581-9604-4C5C-A4B1-1F9FEC77DB74}.Debug|Any CPU.ActiveCfg = Debug|Any CPU
		{8DA65581-9604-4C5C-A4B1-1F9FEC77DB74}.Debug|Any CPU.Build.0 = Debug|Any CPU
		{8DA65581-9604-4C5C-A4B1-1F9FEC77DB74}.Release|Any CPU.ActiveCfg = Release|Any CPU
		{8DA65581-9604-4C5C-A4B1-1F9FEC77DB74}.Release|Any CPU.Build.0 = Release|Any CPU
		{ADF6662B-578A-4FFF-9D43-1D63F5F46638}.Debug|Any CPU.ActiveCfg = Debug|Any CPU
		{ADF6662B-578A-4FFF-9D43-1D63F5F46638}.Debug|Any CPU.Build.0 = Debug|Any CPU
		{ADF6662B-578A-4FFF-9D43-1D63F5F46638}.Release|Any CPU.ActiveCfg = Release|Any CPU
		{ADF6662B-578A-4FFF-9D43-1D63F5F46638}.Release|Any CPU.Build.0 = Release|Any CPU
	EndGlobalSection
	GlobalSection(SolutionProperties) = preSolution
		HideSolutionNode = FALSE
	EndGlobalSection
	GlobalSection(NestedProjects) = preSolution
		{0883AE49-093C-44E4-8276-EBDAE1F7F310} = {ED36E718-719E-4EA6-BFBA-E10387E66883}
		{ED36E718-719E-4EA6-BFBA-E10387E66883} = {318B9F59-0960-4A22-AEE3-D534A07C9C61}
		{77C3E67F-71F3-4F78-A93E-AE8A66237934} = {318B9F59-0960-4A22-AEE3-D534A07C9C61}
		{32B171DB-7BA7-47DF-A3D4-2FA21D78DB57} = {318B9F59-0960-4A22-AEE3-D534A07C9C61}
		{BB7E8018-8822-49EE-BF63-F02309E26F52} = {318B9F59-0960-4A22-AEE3-D534A07C9C61}
		{6C3F2C96-BEF3-4173-A8FC-533D9FAB4604} = {77C3E67F-71F3-4F78-A93E-AE8A66237934}
		{8C9FD34C-0610-427A-A69C-23D361927209} = {BB7E8018-8822-49EE-BF63-F02309E26F52}
		{0CC2CA5C-9C27-4E16-BC0E-6C7CCEDC4ED1} = {32B171DB-7BA7-47DF-A3D4-2FA21D78DB57}
		{8DA65581-9604-4C5C-A4B1-1F9FEC77DB74} = {BB7E8018-8822-49EE-BF63-F02309E26F52}
		{ADF6662B-578A-4FFF-9D43-1D63F5F46638} = {32B171DB-7BA7-47DF-A3D4-2FA21D78DB57}
	EndGlobalSection
	GlobalSection(ExtensibilityGlobals) = postSolution
		SolutionGuid = {5D0C116F-1591-4CDF-8A3C-ACE5541418A2}
	EndGlobalSection
EndGlobal
