
Microsoft Visual Studio Solution File, Format Version 12.00
# Visual Studio Version 17
VisualStudioVersion = 17.9.34407.89
MinimumVisualStudioVersion = 10.0.40219.1
Project("{9A19103F-16F7-4668-BE54-9A1E7A4F7556}") = "Domain", "Domain\Domain.csproj", "{0883AE49-093C-44E4-8276-EBDAE1F7F310}"
EndProject
Project("{2150E333-8FDC-42A3-9474-1A3956D46DE8}") = "Admin", "Admin", "{318B9F59-0960-4A22-AEE3-D534A07C9C61}"
EndProject
Project("{2150E333-8FDC-42A3-9474-1A3956D46DE8}") = "ERP.Domain.Core", "ERP.Domain.Core", "{ED36E718-719E-4EA6-BFBA-E10387E66883}"
EndProject
Project("{2150E333-8FDC-42A3-9474-1A3956D46DE8}") = "ERP.Application", "ERP.Application", "{77C3E67F-71F3-4F78-A93E-AE8A66237934}"
EndProject
Project("{2150E333-8FDC-42A3-9474-1A3956D46DE8}") = "ERP.Infastructure", "ERP.Infastructure", "{32B171DB-7BA7-47DF-A3D4-2FA21D78DB57}"
EndProject
Project("{2150E333-8FDC-42A3-9474-1A3956D46DE8}") = "ERP.UI", "ERP.UI", "{BB7E8018-8822-49EE-BF63-F02309E26F52}"
EndProject
Project("{9A19103F-16F7-4668-BE54-9A1E7A4F7556}") = "Application", "Application\Application.csproj", "{6C3F2C96-BEF3-4173-A8FC-533D9FAB4604}"
EndProject
Project("{9A19103F-16F7-4668-BE54-9A1E7A4F7556}") = "UI", "UI\UI.csproj", "{8C9FD34C-0610-427A-A69C-23D361927209}"
EndProject
Project("{9A19103F-16F7-4668-BE54-9A1E7A4F7556}") = "ERP.Admin.Pgsql", "ERP.Admin.Pgsql\ERP.Admin.Pgsql.csproj", "{0CC2CA5C-9C27-4E16-BC0E-6C7CCEDC4ED1}"
EndProject
Project("{9A19103F-16F7-4668-BE54-9A1E7A4F7556}") = "AuthenticateUsers", "AuthenticateUsers\AuthenticateUsers.csproj", "{8DA65581-9604-4C5C-A4B1-1F9FEC77DB74}"
EndProject
Project("{9A19103F-16F7-4668-BE54-9A1E7A4F7556}") = "ERP.Admin.Infastructure.Email", "ERP.Admin.Infastructure.Email\ERP.Admin.Infastructure.Email.csproj", "{ADF6662B-578A-4FFF-9D43-1D63F5F46638}"
EndProject
Project("{9A19103F-16F7-4668-BE54-9A1E7A4F7556}") = "ERP.UI", "ERP.UI\ERP.UI\ERP.UI.csproj", "{F8B8AA29-5786-4EE7-AA9E-63C57917EB0A}"
EndProject
Project("{9A19103F-16F7-4668-BE54-9A1E7A4F7556}") = "ERP.UI.Client", "ERP.UI\ERP.UI.Client\ERP.UI.Client.csproj", "{D44E94C9-EC62-4E60-87B0-4234B0C94EB3}"
EndProject
Project("{2150E333-8FDC-42A3-9474-1A3956D46DE8}") = "Authentication.Jwt", "Authentication.Jwt", "{4D1F6C5D-4CF6-48C3-AD8D-F795E6BD345E}"
EndProject
Project("{9A19103F-16F7-4668-BE54-9A1E7A4F7556}") = "Authentication.jwt", "Authentication.jwt\Authentication.jwt.csproj", "{D73992CB-DA81-472E-A3DE-A95326FF15A7}"
EndProject
Project("{9A19103F-16F7-4668-BE54-9A1E7A4F7556}") = "Authentication.Api", "Authentication.Api\Authentication.Api.csproj", "{E031C244-6DC4-4257-9E21-491DCC38641D}"
EndProject
Project("{9A19103F-16F7-4668-BE54-9A1E7A4F7556}") = "Authentication.DataService", "Authentication.DataService\Authentication.DataService.csproj", "{7F8EB0AB-153A-4DB7-A5A5-0E8210156BB7}"
EndProject
Project("{9A19103F-16F7-4668-BE54-9A1E7A4F7556}") = "Authentication.Core", "Authentication.Core\Authentication.Core.csproj", "{5D4F7170-11D8-4062-9907-389F8A7D151C}"
EndProject
Project("{2150E333-8FDC-42A3-9474-1A3956D46DE8}") = "ApiGateWay", "ApiGateWay", "{EA0A1E63-6A20-4A7D-9AB4-968B34B94555}"
EndProject
Project("{9A19103F-16F7-4668-BE54-9A1E7A4F7556}") = "ApiGateWay", "ApiGateWay\ApiGateWay.csproj", "{3704FD0B-54AC-4C9E-AFDD-B3C7A8880604}"
EndProject
Project("{FAE04EC0-301F-11D3-BF4B-00C04F79EFBC}") = "ApiGateWay2", "ApiGateWay2\ApiGateWay2.csproj", "{C5575438-CF70-4E5A-B72A-7C241E8FF3AD}"
EndProject
Global
	GlobalSection(SolutionConfigurationPlatforms) = preSolution
		Debug|Any CPU = Debug|Any CPU
		Release|Any CPU = Release|Any CPU
	EndGlobalSection
	GlobalSection(ProjectConfigurationPlatforms) = postSolution
		{0883AE49-093C-44E4-8276-EBDAE1F7F310}.Debug|Any CPU.ActiveCfg = Debug|Any CPU
		{0883AE49-093C-44E4-8276-EBDAE1F7F310}.Debug|Any CPU.Build.0 = Debug|Any CPU
		{0883AE49-093C-44E4-8276-EBDAE1F7F310}.Release|Any CPU.ActiveCfg = Release|Any CPU
		{0883AE49-093C-44E4-8276-EBDAE1F7F310}.Release|Any CPU.Build.0 = Release|Any CPU
		{6C3F2C96-BEF3-4173-A8FC-533D9FAB4604}.Debug|Any CPU.ActiveCfg = Debug|Any CPU
		{6C3F2C96-BEF3-4173-A8FC-533D9FAB4604}.Debug|Any CPU.Build.0 = Debug|Any CPU
		{6C3F2C96-BEF3-4173-A8FC-533D9FAB4604}.Release|Any CPU.ActiveCfg = Release|Any CPU
		{6C3F2C96-BEF3-4173-A8FC-533D9FAB4604}.Release|Any CPU.Build.0 = Release|Any CPU
		{8C9FD34C-0610-427A-A69C-23D361927209}.Debug|Any CPU.ActiveCfg = Debug|Any CPU
		{8C9FD34C-0610-427A-A69C-23D361927209}.Debug|Any CPU.Build.0 = Debug|Any CPU
		{8C9FD34C-0610-427A-A69C-23D361927209}.Release|Any CPU.ActiveCfg = Release|Any CPU
		{8C9FD34C-0610-427A-A69C-23D361927209}.Release|Any CPU.Build.0 = Release|Any CPU
		{0CC2CA5C-9C27-4E16-BC0E-6C7CCEDC4ED1}.Debug|Any CPU.ActiveCfg = Debug|Any CPU
		{0CC2CA5C-9C27-4E16-BC0E-6C7CCEDC4ED1}.Debug|Any CPU.Build.0 = Debug|Any CPU
		{0CC2CA5C-9C27-4E16-BC0E-6C7CCEDC4ED1}.Release|Any CPU.ActiveCfg = Release|Any CPU
		{0CC2CA5C-9C27-4E16-BC0E-6C7CCEDC4ED1}.Release|Any CPU.Build.0 = Release|Any CPU
		{8DA65581-9604-4C5C-A4B1-1F9FEC77DB74}.Debug|Any CPU.ActiveCfg = Debug|Any CPU
		{8DA65581-9604-4C5C-A4B1-1F9FEC77DB74}.Debug|Any CPU.Build.0 = Debug|Any CPU
		{8DA65581-9604-4C5C-A4B1-1F9FEC77DB74}.Release|Any CPU.ActiveCfg = Release|Any CPU
		{8DA65581-9604-4C5C-A4B1-1F9FEC77DB74}.Release|Any CPU.Build.0 = Release|Any CPU
		{ADF6662B-578A-4FFF-9D43-1D63F5F46638}.Debug|Any CPU.ActiveCfg = Debug|Any CPU
		{ADF6662B-578A-4FFF-9D43-1D63F5F46638}.Debug|Any CPU.Build.0 = Debug|Any CPU
		{ADF6662B-578A-4FFF-9D43-1D63F5F46638}.Release|Any CPU.ActiveCfg = Release|Any CPU
		{ADF6662B-578A-4FFF-9D43-1D63F5F46638}.Release|Any CPU.Build.0 = Release|Any CPU
		{F8B8AA29-5786-4EE7-AA9E-63C57917EB0A}.Debug|Any CPU.ActiveCfg = Debug|Any CPU
		{F8B8AA29-5786-4EE7-AA9E-63C57917EB0A}.Debug|Any CPU.Build.0 = Debug|Any CPU
		{F8B8AA29-5786-4EE7-AA9E-63C57917EB0A}.Release|Any CPU.ActiveCfg = Release|Any CPU
		{F8B8AA29-5786-4EE7-AA9E-63C57917EB0A}.Release|Any CPU.Build.0 = Release|Any CPU
		{D44E94C9-EC62-4E60-87B0-4234B0C94EB3}.Debug|Any CPU.ActiveCfg = Debug|Any CPU
		{D44E94C9-EC62-4E60-87B0-4234B0C94EB3}.Debug|Any CPU.Build.0 = Debug|Any CPU
		{D44E94C9-EC62-4E60-87B0-4234B0C94EB3}.Release|Any CPU.ActiveCfg = Release|Any CPU
		{D44E94C9-EC62-4E60-87B0-4234B0C94EB3}.Release|Any CPU.Build.0 = Release|Any CPU
		{D73992CB-DA81-472E-A3DE-A95326FF15A7}.Debug|Any CPU.ActiveCfg = Debug|Any CPU
		{D73992CB-DA81-472E-A3DE-A95326FF15A7}.Debug|Any CPU.Build.0 = Debug|Any CPU
		{D73992CB-DA81-472E-A3DE-A95326FF15A7}.Release|Any CPU.ActiveCfg = Release|Any CPU
		{D73992CB-DA81-472E-A3DE-A95326FF15A7}.Release|Any CPU.Build.0 = Release|Any CPU
		{E031C244-6DC4-4257-9E21-491DCC38641D}.Debug|Any CPU.ActiveCfg = Debug|Any CPU
		{E031C244-6DC4-4257-9E21-491DCC38641D}.Debug|Any CPU.Build.0 = Debug|Any CPU
		{E031C244-6DC4-4257-9E21-491DCC38641D}.Release|Any CPU.ActiveCfg = Release|Any CPU
		{E031C244-6DC4-4257-9E21-491DCC38641D}.Release|Any CPU.Build.0 = Release|Any CPU
		{7F8EB0AB-153A-4DB7-A5A5-0E8210156BB7}.Debug|Any CPU.ActiveCfg = Debug|Any CPU
		{7F8EB0AB-153A-4DB7-A5A5-0E8210156BB7}.Debug|Any CPU.Build.0 = Debug|Any CPU
		{7F8EB0AB-153A-4DB7-A5A5-0E8210156BB7}.Release|Any CPU.ActiveCfg = Release|Any CPU
		{7F8EB0AB-153A-4DB7-A5A5-0E8210156BB7}.Release|Any CPU.Build.0 = Release|Any CPU
		{5D4F7170-11D8-4062-9907-389F8A7D151C}.Debug|Any CPU.ActiveCfg = Debug|Any CPU
		{5D4F7170-11D8-4062-9907-389F8A7D151C}.Debug|Any CPU.Build.0 = Debug|Any CPU
		{5D4F7170-11D8-4062-9907-389F8A7D151C}.Release|Any CPU.ActiveCfg = Release|Any CPU
		{5D4F7170-11D8-4062-9907-389F8A7D151C}.Release|Any CPU.Build.0 = Release|Any CPU
		{3704FD0B-54AC-4C9E-AFDD-B3C7A8880604}.Debug|Any CPU.ActiveCfg = Debug|Any CPU
		{3704FD0B-54AC-4C9E-AFDD-B3C7A8880604}.Debug|Any CPU.Build.0 = Debug|Any CPU
		{3704FD0B-54AC-4C9E-AFDD-B3C7A8880604}.Release|Any CPU.ActiveCfg = Release|Any CPU
		{3704FD0B-54AC-4C9E-AFDD-B3C7A8880604}.Release|Any CPU.Build.0 = Release|Any CPU
		{C5575438-CF70-4E5A-B72A-7C241E8FF3AD}.Debug|Any CPU.ActiveCfg = Debug|Any CPU
		{C5575438-CF70-4E5A-B72A-7C241E8FF3AD}.Debug|Any CPU.Build.0 = Debug|Any CPU
		{C5575438-CF70-4E5A-B72A-7C241E8FF3AD}.Release|Any CPU.ActiveCfg = Release|Any CPU
		{C5575438-CF70-4E5A-B72A-7C241E8FF3AD}.Release|Any CPU.Build.0 = Release|Any CPU
	EndGlobalSection
	GlobalSection(SolutionProperties) = preSolution
		HideSolutionNode = FALSE
	EndGlobalSection
	GlobalSection(NestedProjects) = preSolution
		{0883AE49-093C-44E4-8276-EBDAE1F7F310} = {ED36E718-719E-4EA6-BFBA-E10387E66883}
		{ED36E718-719E-4EA6-BFBA-E10387E66883} = {318B9F59-0960-4A22-AEE3-D534A07C9C61}
		{77C3E67F-71F3-4F78-A93E-AE8A66237934} = {318B9F59-0960-4A22-AEE3-D534A07C9C61}
		{32B171DB-7BA7-47DF-A3D4-2FA21D78DB57} = {318B9F59-0960-4A22-AEE3-D534A07C9C61}
		{BB7E8018-8822-49EE-BF63-F02309E26F52} = {318B9F59-0960-4A22-AEE3-D534A07C9C61}
		{6C3F2C96-BEF3-4173-A8FC-533D9FAB4604} = {77C3E67F-71F3-4F78-A93E-AE8A66237934}
		{8C9FD34C-0610-427A-A69C-23D361927209} = {BB7E8018-8822-49EE-BF63-F02309E26F52}
		{0CC2CA5C-9C27-4E16-BC0E-6C7CCEDC4ED1} = {32B171DB-7BA7-47DF-A3D4-2FA21D78DB57}
		{8DA65581-9604-4C5C-A4B1-1F9FEC77DB74} = {BB7E8018-8822-49EE-BF63-F02309E26F52}
		{ADF6662B-578A-4FFF-9D43-1D63F5F46638} = {32B171DB-7BA7-47DF-A3D4-2FA21D78DB57}
		{F8B8AA29-5786-4EE7-AA9E-63C57917EB0A} = {BB7E8018-8822-49EE-BF63-F02309E26F52}
		{D44E94C9-EC62-4E60-87B0-4234B0C94EB3} = {BB7E8018-8822-49EE-BF63-F02309E26F52}
		{4D1F6C5D-4CF6-48C3-AD8D-F795E6BD345E} = {318B9F59-0960-4A22-AEE3-D534A07C9C61}
		{D73992CB-DA81-472E-A3DE-A95326FF15A7} = {4D1F6C5D-4CF6-48C3-AD8D-F795E6BD345E}
		{E031C244-6DC4-4257-9E21-491DCC38641D} = {4D1F6C5D-4CF6-48C3-AD8D-F795E6BD345E}
		{7F8EB0AB-153A-4DB7-A5A5-0E8210156BB7} = {4D1F6C5D-4CF6-48C3-AD8D-F795E6BD345E}
		{5D4F7170-11D8-4062-9907-389F8A7D151C} = {4D1F6C5D-4CF6-48C3-AD8D-F795E6BD345E}
		{EA0A1E63-6A20-4A7D-9AB4-968B34B94555} = {318B9F59-0960-4A22-AEE3-D534A07C9C61}
		{3704FD0B-54AC-4C9E-AFDD-B3C7A8880604} = {EA0A1E63-6A20-4A7D-9AB4-968B34B94555}
		{C5575438-CF70-4E5A-B72A-7C241E8FF3AD} = {EA0A1E63-6A20-4A7D-9AB4-968B34B94555}
	EndGlobalSection
	GlobalSection(ExtensibilityGlobals) = postSolution
		SolutionGuid = {5D0C116F-1591-4CDF-8A3C-ACE5541418A2}
	EndGlobalSection
EndGlobal
